<Solution>
  <Folder Name="/Task0/">
    <Project Path="Tyuiu.SpirinIS.Sprint0.Task0.V0/Tyuiu.SpirinIS.Sprint0.Task0.V0.csproj" Id="0a3a0964-21bb-493d-806c-c56c17f59573" />
  </Folder>
  <Folder Name="/Task1/">
    <Project Path="Tyuiu.SpirinIS.Sprint0.Task1.V0/Tyuiu.VormanAS.Sprint0.Task1.V0.csproj" Id="3b9e0122-2b74-417c-9b31-886cf13cb2a7" />
  </Folder>
</Solution>
